{
  "name": "hota.org.uk",
  "lockfileVersion": 3,
  "requires": true,
  "packages": {
    "": {
      "dependencies": {
        "@materializecss/materialize": "^2.2.1"
      }
    },
    "node_modules/@materializecss/materialize": {
      "version": "2.3.1",
      "resolved": "https://registry.npmjs.org/@materializecss/materialize/-/materialize-2.3.1.tgz",
      "integrity": "sha512-9ulZzySr+V5kyL2fu5ddcx/rG/DWF5dXeyH4KcbFLjest9a2QwEvREgsrl5ZkmWB+f+rxICyF91HKwS+fbwYyg==",
      "funding": [
        {
          "type": "github",
          "url": "https://github.com/sponsors/materializecss"
        },
        {
          "type": "opencollective",
          "url": "https://opencollective.com/materialize"
        }
      ],
      "license": "MIT"
    }
  }
}
