{
  "name": "hota",
  "lockfileVersion": 3,
  "requires": true,
  "packages": {
    "": {
      "dependencies": {
        "@materializecss/materialize": "^2.2.1"
      }
    },
    "node_modules/@materializecss/materialize": {
      "version": "2.2.1",
      "resolved": "https://registry.npmjs.org/@materializecss/materialize/-/materialize-2.2.1.tgz",
      "integrity": "sha512-mnuWqs32Zli7aZ0jLBV/DbDx48dBN84oLCmIXZEhRsWZ7zfs9BKCG5Bp3YE1QL37/v86rHovz0kHaNObiQcGmw==",
      "funding": [
        {
          "type": "github",
          "url": "https://github.com/sponsors/materializecss"
        },
        {
          "type": "opencollective",
          "url": "https://opencollective.com/materialize"
        }
      ],
      "license": "MIT"
    }
  }
}
